
Microsoft Visual Studio Solution File, Format Version 12.00
# Visual Studio Version 16
VisualStudioVersion = 16.0.31205.134
MinimumVisualStudioVersion = 10.0.40219.1
Project("{FAE04EC0-301F-11D3-BF4B-00C04F79EFBC}") = "AdvertApi", "AdvertApi\AdvertApi.csproj", "{36BEEB20-6949-4A31-9107-89D3527AF2CD}"
EndProject
Project("{FAE04EC0-301F-11D3-BF4B-00C04F79EFBC}") = "AdvertApi.Models", "..\..\AdvertApi.Models\AdvertApi.Models.csproj", "{97E89DFF-D593-4062-96EE-609CBB34EC49}"
EndProject
Global
	GlobalSection(SolutionConfigurationPlatforms) = preSolution
		Debug|Any CPU = Debug|Any CPU
		Release|Any CPU = Release|Any CPU
	EndGlobalSection
	GlobalSection(ProjectConfigurationPlatforms) = postSolution
		{36BEEB20-6949-4A31-9107-89D3527AF2CD}.Debug|Any CPU.ActiveCfg = Debug|Any CPU
		{36BEEB20-6949-4A31-9107-89D3527AF2CD}.Debug|Any CPU.Build.0 = Debug|Any CPU
		{36BEEB20-6949-4A31-9107-89D3527AF2CD}.Release|Any CPU.ActiveCfg = Release|Any CPU
		{36BEEB20-6949-4A31-9107-89D3527AF2CD}.Release|Any CPU.Build.0 = Release|Any CPU
		{97E89DFF-D593-4062-96EE-609CBB34EC49}.Debug|Any CPU.ActiveCfg = Debug|Any CPU
		{97E89DFF-D593-4062-96EE-609CBB34EC49}.Debug|Any CPU.Build.0 = Debug|Any CPU
		{97E89DFF-D593-4062-96EE-609CBB34EC49}.Release|Any CPU.ActiveCfg = Release|Any CPU
		{97E89DFF-D593-4062-96EE-609CBB34EC49}.Release|Any CPU.Build.0 = Release|Any CPU
	EndGlobalSection
	GlobalSection(SolutionProperties) = preSolution
		HideSolutionNode = FALSE
	EndGlobalSection
	GlobalSection(ExtensibilityGlobals) = postSolution
		SolutionGuid = {7885B06C-41EC-4585-995F-2DA3611746CE}
	EndGlobalSection
EndGlobal
